{
  "name": "ecommerce-symfony",
  "lockfileVersion": 3,
  "requires": true,
  "packages": {
    "": {
      "dependencies": {
        "uploader": "^3.19.0"
      }
    },
    "node_modules/@upload-io/upload-api-client-upload-js": {
      "version": "2.15.0",
      "resolved": "https://registry.npmjs.org/@upload-io/upload-api-client-upload-js/-/upload-api-client-upload-js-2.15.0.tgz",
      "integrity": "sha512-UGqT4wxCDhTTKnTLvqtKCyPJSswA2z6/Z6/sMakWGdJBBuwCHcOyXgoWafbPILrgWp3oMMQjnTfwwMBmR0O54w=="
    },
    "node_modules/classnames": {
      "version": "2.3.2",
      "resolved": "https://registry.npmjs.org/classnames/-/classnames-2.3.2.tgz",
      "integrity": "sha512-CSbhY4cFEJRe6/GQzIk5qXZ4Jeg5pcsP7b5peFSDpffpe1cqjASH/n9UTjBwOp6XpMSTwQ8Za2K5V02ueA7Tmw=="
    },
    "node_modules/preact": {
      "version": "10.13.2",
      "resolved": "https://registry.npmjs.org/preact/-/preact-10.13.2.tgz",
      "integrity": "sha512-q44QFLhOhty2Bd0Y46fnYW0gD/cbVM9dUVtNTDKPcdXSMA7jfY+Jpd6rk3GB0lcQss0z5s/6CmVP0Z/hV+g6pw==",
      "funding": {
        "type": "opencollective",
        "url": "https://opencollective.com/preact"
      }
    },
    "node_modules/progress-smoother": {
      "version": "1.4.0",
      "resolved": "https://registry.npmjs.org/progress-smoother/-/progress-smoother-1.4.0.tgz",
      "integrity": "sha512-ctIG/KF/3DQ1zQHMWbXjcnicggTsEzZEA2JEnJNrPtK88tmqN9cfQf01yfLWGCBF93R5XN1EUe/z/IV5NKrmCw=="
    },
    "node_modules/upload-js": {
      "version": "2.13.0",
      "resolved": "https://registry.npmjs.org/upload-js/-/upload-js-2.13.0.tgz",
      "integrity": "sha512-4AhFwoBcZsF2/zzA7UKSlfQ3qVwyjwoCFL2MlmG6bwcQZnHKNioytgM+HYTNlG7sC2QjsDeO2DS38uaS1v1g+g==",
      "dependencies": {
        "@upload-io/upload-api-client-upload-js": "^2.15.0",
        "progress-smoother": "^1.4.0"
      }
    },
    "node_modules/uploader": {
      "version": "3.19.0",
      "resolved": "https://registry.npmjs.org/uploader/-/uploader-3.19.0.tgz",
      "integrity": "sha512-He/JWym9eFI4oNxxPBLXJ1fwWDgRC3/0OxceeFVnUHHdgx4GY7mWzP2ACwfURxvG7zA81+I1wCWE5GvV0B+DfQ==",
      "dependencies": {
        "classnames": "^2.2.6",
        "preact": "^10.6.5",
        "upload-js": "^2.13.0"
      }
    }
  }
}
